
Microsoft Visual Studio Solution File, Format Version 12.00
# Visual Studio Version 17
VisualStudioVersion = 17.13.35825.156 d17.13
MinimumVisualStudioVersion = 10.0.40219.1
Project("{FAE04EC0-301F-11D3-BF4B-00C04F79EFBC}") = "JETC20250324.AppWebMVC", "JETC20250324.AppWebMVC\JETC20250324.AppWebMVC.csproj", "{834C638C-7F9F-4344-A249-99B0AA0695C2}"
EndProject
Global
	GlobalSection(SolutionConfigurationPlatforms) = preSolution
		Debug|Any CPU = Debug|Any CPU
		Release|Any CPU = Release|Any CPU
	EndGlobalSection
	GlobalSection(ProjectConfigurationPlatforms) = postSolution
		{834C638C-7F9F-4344-A249-99B0AA0695C2}.Debug|Any CPU.ActiveCfg = Debug|Any CPU
		{834C638C-7F9F-4344-A249-99B0AA0695C2}.Debug|Any CPU.Build.0 = Debug|Any CPU
		{834C638C-7F9F-4344-A249-99B0AA0695C2}.Release|Any CPU.ActiveCfg = Release|Any CPU
		{834C638C-7F9F-4344-A249-99B0AA0695C2}.Release|Any CPU.Build.0 = Release|Any CPU
	EndGlobalSection
	GlobalSection(SolutionProperties) = preSolution
		HideSolutionNode = FALSE
	EndGlobalSection
	GlobalSection(ExtensibilityGlobals) = postSolution
		SolutionGuid = {0F13DBC6-92FC-4E54-95F6-E0E34E0158D9}
	EndGlobalSection
EndGlobal
